schema: '2.0'
stages:
  load_data:
    cmd: python src/load_data.py ./data/raw/ai4i2020.csv ./data/processed/train_test_data.csv
    deps:
    - path: ./data/raw/ai4i2020.csv
      hash: md5
      md5: f0adaa9c5e25366c6df1cc2684479871
      size: 522048
    - path: src/load_data.py
      hash: md5
      md5: a7643810692e1578cc5ba101740f7d8d
      size: 261
    outs:
    - path: ./data/processed/train_test_data.csv
      hash: md5
      md5: e0ba81126888557c6d39b81edd0823ad
      size: 523915
  preprocess:
    cmd: python src/preprocess_data.py ./data/processed/train_test_data.csv ./data/processed/X_train.csv
      ./data/processed/X_test.csv ./data/processed/y_train.csv ./data/processed/y_test.csv
    deps:
    - path: ./data/processed/train_test_data.csv
      hash: md5
      md5: e0ba81126888557c6d39b81edd0823ad
      size: 523915
    - path: src/preprocess_data.py
      hash: md5
      md5: fc7956d7ec5e77b593af854c90410c4c
      size: 2203
    outs:
    - path: ./data/processed/X_test.csv
      hash: md5
      md5: 258063260068666cad7e03cbd6148db0
      size: 254132
    - path: ./data/processed/X_train.csv
      hash: md5
      md5: 4672ffbf246ab4d7e33d124891b3995e
      size: 1016197
    - path: ./data/processed/y_test.csv
      hash: md5
      md5: c6e926c40140a789061504b136d5a8a1
      size: 6017
    - path: ./data/processed/y_train.csv
      hash: md5
      md5: db37d7dd5b03694acdf66f4a2e328a6e
      size: 24017
  train_logistic:
    cmd: python src/train.py data/processed/X_train.csv data/processed/y_train.csv
      logistic_regression
    deps:
    - path: data/processed/X_train.csv
      hash: md5
      md5: 4672ffbf246ab4d7e33d124891b3995e
      size: 1016197
    - path: data/processed/y_train.csv
      hash: md5
      md5: db37d7dd5b03694acdf66f4a2e328a6e
      size: 24017
    - path: src/train.py
      hash: md5
      md5: cf26d8c2c35d955e544d42b823e5dc94
      size: 1827
    outs:
    - path: models/logistic_regression_model.pkl
      hash: md5
      md5: 2178ff8195f76493461b88254349904a
      size: 1359
  train_random_forest:
    cmd: python src/train.py data/processed/X_train.csv data/processed/y_train.csv
      random_forest
    deps:
    - path: data/processed/X_train.csv
      hash: md5
      md5: 4672ffbf246ab4d7e33d124891b3995e
      size: 1016197
    - path: data/processed/y_train.csv
      hash: md5
      md5: db37d7dd5b03694acdf66f4a2e328a6e
      size: 24017
    - path: src/train.py
      hash: md5
      md5: cf26d8c2c35d955e544d42b823e5dc94
      size: 1827
    outs:
    - path: models/random_forest_model.pkl
      hash: md5
      md5: 7612212a9ca17c987a335733892156ad
      size: 85961
  evaluate_logistic:
    cmd: python src/evaluate.py models/logistic_regression_model.pkl data/processed/X_test.csv
      data/processed/y_test.csv reports/logistic_evaluation.txt runids/logistic_regression.txt
    deps:
    - path: data/processed/X_test.csv
      hash: md5
      md5: 258063260068666cad7e03cbd6148db0
      size: 254132
    - path: data/processed/y_test.csv
      hash: md5
      md5: c6e926c40140a789061504b136d5a8a1
      size: 6017
    - path: models/logistic_regression_model.pkl
      hash: md5
      md5: 2178ff8195f76493461b88254349904a
      size: 1359
    - path: src/evaluate.py
      hash: md5
      md5: d400a5b93fcfda71895441419cfd5d64
      size: 1821
    outs:
    - path: reports/logistic_evaluation.txt
      hash: md5
      md5: 698389061460a4250e404587af548f19
      size: 406
  evaluate_random_forest:
    cmd: python src/evaluate.py models/random_forest_model.pkl data/processed/X_test.csv
      data/processed/y_test.csv reports/random_forest_evaluation.txt runids/random_forest.txt
    deps:
    - path: data/processed/X_test.csv
      hash: md5
      md5: 258063260068666cad7e03cbd6148db0
      size: 254132
    - path: data/processed/y_test.csv
      hash: md5
      md5: c6e926c40140a789061504b136d5a8a1
      size: 6017
    - path: models/random_forest_model.pkl
      hash: md5
      md5: 7612212a9ca17c987a335733892156ad
      size: 85961
    - path: src/evaluate.py
      hash: md5
      md5: d400a5b93fcfda71895441419cfd5d64
      size: 1821
    outs:
    - path: reports/random_forest_evaluation.txt
      hash: md5
      md5: 78ac640477288896d18ecbd6d03a23f6
      size: 406
  test_pipeline:
    cmd: pytest tests/ > reports/tests_output.txt
    deps:
    - path: tests/test_evaluate.py
      hash: md5
      md5: 71db30541b518bb92e069a3dd1edbc4d
      size: 193
    - path: tests/test_load_data.py
      hash: md5
      md5: e612b6193c25dc1b75d04119c791995f
      size: 234
    - path: tests/test_preprocess_data.py
      hash: md5
      md5: 43143f3b8d60f13a13ebd92a349b9f48
      size: 259
    - path: tests/test_train.py
      hash: md5
      md5: c81afb852cb42f95392c7599366b82bb
      size: 201
    outs:
    - path: reports/tests_output.txt
      hash: md5
      md5: ecffc21d8581908bdee8953f14f1aafa
      size: 693
